{
  "version": 1,
  "dependencies": {
    ".NETFramework,Version=v4.6.1": {
      "FirebirdSql.Data.FirebirdClient": {
        "type": "Direct",
        "requested": "[5.12.1, )",
        "resolved": "5.12.1",
        "contentHash": "NyHn8/b1lg5epBQN6molDUdln3yu5pF1FzhA4rb8j+jR4q3MD97iHPOjBmQuJyXhjyvfYPJm5MhLUVV1mdnCOQ=="
      },
      "FSharp.Core": {
        "type": "Direct",
        "requested": "[4.7.1, )",
        "resolved": "4.7.1",
        "contentHash": "cQ4Dn5mFIWnJF8MmL49k2V6L8mtInDrXopskNFbpC4lsPdspTn7WzUQLylB4HU4tpi76ManXMVCAvtlYowTfHQ=="
      },
      "JetBrains.Annotations": {
        "type": "Direct",
        "requested": "[11.1.0, )",
        "resolved": "11.1.0",
        "contentHash": "0xxJi7UMrUA+r+KjS8KIzerWBiAhbgb5cZpvE8rultYO/ZAqrwd2bGJhDeHg/oaEkshvazcOme1D0DNWWDuCDw=="
      },
      "Microsoft.Data.Sqlite": {
        "type": "Direct",
        "requested": "[2.0.1, )",
        "resolved": "2.0.1",
        "contentHash": "bUVc4fdknlFYUnEgljI13lr23YaOXO9GEw0Oo6ay8cWijUA/3raWVTNHdRIASF14RFcJ0RaWgLyRGxo7w2qF0Q==",
        "dependencies": {
          "Microsoft.Data.Sqlite.Core": "2.0.1",
          "SQLitePCLRaw.bundle_green": "1.1.7"
        }
      },
      "MySql.Data": {
        "type": "Direct",
        "requested": "[8.0.11, )",
        "resolved": "8.0.11",
        "contentHash": "11xjVthZlv/2Z5LHAO3vqATczeOq1H/Mef/yMtlYJW3DsLQNLZEX1l8CyXA2jByqQTZqXqg+v3NOrUQmZjMJHA==",
        "dependencies": {
          "Google.Protobuf": "3.5.1"
        }
      },
      "Npgsql": {
        "type": "Direct",
        "requested": "[3.2.7, )",
        "resolved": "3.2.7",
        "contentHash": "1KHDjLheDG30kSxrP8BK74RebZ2sLGIGJfcIe/zFqY+algOWOkzk1FN4ujroYifjmzxvE58f1KkZZ+ArvmC9Bg==",
        "dependencies": {
          "System.Threading.Tasks.Extensions": "4.3.0"
        }
      },
      "Oracle.ManagedDataAccess": {
        "type": "Direct",
        "requested": "[12.2.1100, )",
        "resolved": "12.2.1100",
        "contentHash": "DLc207CmbC0kZbyKoq1T/nJ11uJtdSc04efd+B3C3gapcqrXgKqNMBbOjLPtS8KfIQ54dlImzaqjSvDCzkiZQw=="
      },
      "Google.Protobuf": {
        "type": "Transitive",
        "resolved": "3.5.1",
        "contentHash": "j/gbpRZ68sgvdi/vXI39Cj/jWG4d1dtDqfWbkjC9dErNWu/dFcIlq1LIgLscea+llZ6nzm06wz/JGziOegAL7Q=="
      },
      "Microsoft.Data.Sqlite.Core": {
        "type": "Transitive",
        "resolved": "2.0.1",
        "contentHash": "Vubn0Y9RVl82mLoL+8gA7lrbuxdA2+cJmFxfwc56bnujLtTbdcZ8Ay1k+1mGpdZ4IjUKP06IBhXaa071owXStA==",
        "dependencies": {
          "SQLitePCLRaw.core": "1.1.7"
        }
      },
      "Microsoft.Extensions.Configuration": {
        "type": "Transitive",
        "resolved": "2.2.0",
        "contentHash": "Be1LEgclOQthHN7tksm79bGbXNJ0yuewEBiIzPSePwDwt2AGqLLx5iXv6BfjVZGztxKQCngz+X8IRw/kOz+CwA==",
        "dependencies": {
          "Microsoft.Extensions.Configuration.Abstractions": "2.2.0"
        }
      },
      "Microsoft.Extensions.Configuration.Abstractions": {
        "type": "Transitive",
        "resolved": "2.2.0",
        "contentHash": "HT/cMUOHvJ29Z5VIlWp6Zd1F63k5CbpGisNk8ayP35GwKwX5IDsJL8hWMoBesz5WPK8ZfW4f47kyVAhfCD/PAw==",
        "dependencies": {
          "Microsoft.Extensions.Primitives": "2.2.0"
        }
      },
      "Microsoft.Extensions.Configuration.Binder": {
        "type": "Transitive",
        "resolved": "2.2.0",
        "contentHash": "MsSglnpg/8FoukGJ5CBKFxs2enCwrRd3ORx8bmhe3PHekeJeUzqhkQoOaAqyAt9wcF+myRTe1JcHLul4zj+zPA==",
        "dependencies": {
          "Microsoft.Extensions.Configuration": "2.2.0"
        }
      },
      "Microsoft.Extensions.DependencyInjection": {
        "type": "Transitive",
        "resolved": "2.2.0",
        "contentHash": "7JzIJyfA1Wr19ibRr67CoG3lFklnTkzhkJ6thWFcNrmZCgLf9oEqrED4Tz08y7F18wTWsWUnI52BCjraBGtPIA==",
        "dependencies": {
          "Microsoft.Extensions.DependencyInjection.Abstractions": "2.2.0"
        }
      },
      "Microsoft.Extensions.DependencyInjection.Abstractions": {
        "type": "Transitive",
        "resolved": "2.2.0",
        "contentHash": "YZcHF0/+XeKv12ZEo+OmrAa6rNayjye0qvEjYSDIhN99StqxnS2gZpwkcCrH/8JuXxzzcDSVpZw5Bruz8xYfXQ=="
      },
      "Microsoft.Extensions.Logging": {
        "type": "Transitive",
        "resolved": "2.2.0",
        "contentHash": "K90QPI39Sq4mNb0Femo/xV/YGj8KHpAOyqEqChloxteM021SAnFV+kxjUKMJqrvpTcMJiGPmv1Yj03QeiXatRg==",
        "dependencies": {
          "Microsoft.Extensions.Configuration.Binder": "2.2.0",
          "Microsoft.Extensions.DependencyInjection.Abstractions": "2.2.0",
          "Microsoft.Extensions.Logging.Abstractions": "2.2.0",
          "Microsoft.Extensions.Options": "2.2.0"
        }
      },
      "Microsoft.Extensions.Logging.Abstractions": {
        "type": "Transitive",
        "resolved": "2.2.0",
        "contentHash": "9/ERS0/w8MRdWYC9Nv230+2DIYbCv+jr5JwlVyFXrNRerKN9mHShlSfCUjq2S9Wa8ORsztbe5Txz2CuA8pr2bA=="
      },
      "Microsoft.Extensions.Options": {
        "type": "Transitive",
        "resolved": "2.2.0",
        "contentHash": "onhaA2X0DkQmyybJhbTHO+63NnO90nIPHTC9a+1QLTM1hT934DM80OvgwKubEIQuPyvSHD6X1Q01PSTJRNHo8w==",
        "dependencies": {
          "Microsoft.Extensions.DependencyInjection.Abstractions": "2.2.0",
          "Microsoft.Extensions.Primitives": "2.2.0",
          "System.ComponentModel.Annotations": "4.5.0"
        }
      },
      "Microsoft.Extensions.Primitives": {
        "type": "Transitive",
        "resolved": "2.2.0",
        "contentHash": "Sv8EDHvN2852bE5G1yosKCa7sUw/x0Z/rCaI5LIWHseAXprG1h9oberAh3NRBO7w2zTZq79WPeQDMsPBVSf99w==",
        "dependencies": {
          "System.Memory": "4.5.1",
          "System.Runtime.CompilerServices.Unsafe": "4.5.1"
        }
      },
      "SQLitePCLRaw.bundle_green": {
        "type": "Transitive",
        "resolved": "1.1.7",
        "contentHash": "ndZplZhKILwXTlM3v4EYQlJqTJ4OFoOoGDIk9w1a6Qv4x1lnUyM0CPnHGBzh3jnmHpUYeVCqTDwFQ9zyHZDOGQ==",
        "dependencies": {
          "SQLitePCLRaw.core": "1.1.7",
          "SQLitePCLRaw.lib.e_sqlite3.linux": "1.1.7",
          "SQLitePCLRaw.lib.e_sqlite3.osx": "1.1.7",
          "SQLitePCLRaw.lib.e_sqlite3.v110_xp": "1.1.7",
          "SQLitePCLRaw.provider.e_sqlite3.net45": "1.1.7"
        }
      },
      "SQLitePCLRaw.core": {
        "type": "Transitive",
        "resolved": "1.1.7",
        "contentHash": "OwSVeqJVN2M0eU7h6Xw4S8BvzNde9T1o8vP9a7OBGBC4CXBa1ePBjo7tq6gkF6yIdcDxkqLbOraHBxdLrvMq2g=="
      },
      "SQLitePCLRaw.lib.e_sqlite3.linux": {
        "type": "Transitive",
        "resolved": "1.1.7",
        "contentHash": "LWxJ0JhP6+FeiKadmlve/5zfdgACoUCqjbYGD2TDGpBUrHC0v+RdjZhXi48sTnkVW5fn+TtA37WV02LSMFJH3w=="
      },
      "SQLitePCLRaw.lib.e_sqlite3.osx": {
        "type": "Transitive",
        "resolved": "1.1.7",
        "contentHash": "LnEgt++nwP2KnoFYIKdAXPjS9W8ZGU1DfL/PHyAqLBQQlfG5V0H/HHiVJOh5B6XQ4Jf0AdJQphtkVG4u2V3mYQ=="
      },
      "SQLitePCLRaw.lib.e_sqlite3.v110_xp": {
        "type": "Transitive",
        "resolved": "1.1.7",
        "contentHash": "M1WskZ/7pOTLCwdPgvrK4YGx+pJoT5cISUs8G8O68Wr+yLUBnz4BhnS+suhUiD1W/UAkFev/MnbeCiQj87VaTQ=="
      },
      "SQLitePCLRaw.provider.e_sqlite3.net45": {
        "type": "Transitive",
        "resolved": "1.1.7",
        "contentHash": "A1acGYQcjrzNCYKwK6Ibwl0QuFPKYnDOSTnYGSOrcS6BkZsA6G1MT12IZ2bWgA1ty635havmt5OIA/oFrtU6OQ==",
        "dependencies": {
          "SQLitePCLRaw.core": "1.1.7"
        }
      },
      "System.Buffers": {
        "type": "Transitive",
        "resolved": "4.4.0",
        "contentHash": "AwarXzzoDwX6BgrhjoJsk6tUezZEozOT5Y9QKF94Gl4JK91I4PIIBkBco9068Y9/Dra8Dkbie99kXB8+1BaYKw=="
      },
      "System.ComponentModel.Annotations": {
        "type": "Transitive",
        "resolved": "4.5.0",
        "contentHash": "IjDa643EO77A4CL9dhxfZ6zzGu+pM8Ar0NYPRMN3TvDiga4uGDzFHOj/ArpyNxxKyO5IFT2LZ0rK3kUog7g3jA=="
      },
      "System.Memory": {
        "type": "Transitive",
        "resolved": "4.5.1",
        "contentHash": "vcG3/MbfpxznMkkkaAblJi7RHOmuP7kawQMhDgLSuA1tRpRQYsFSCTxRSINDUgn2QNn2jWeLxv8er5BXbyACkw==",
        "dependencies": {
          "System.Buffers": "4.4.0",
          "System.Numerics.Vectors": "4.4.0",
          "System.Runtime.CompilerServices.Unsafe": "4.5.0"
        }
      },
      "System.Numerics.Vectors": {
        "type": "Transitive",
        "resolved": "4.4.0",
        "contentHash": "gdRrUJs1RrjW3JB5p82hYjA67xoeFLvh0SdSIWjTiN8qExlbFt/RtXwVYNc5BukJ/f9OKzQQS6gakzbJeHTqHg=="
      },
      "System.Runtime.CompilerServices.Unsafe": {
        "type": "Transitive",
        "resolved": "4.5.1",
        "contentHash": "qUJMNWhbm9oZ3XaMFiEMiYmRPszbnXIkRIi7+4b2Md2xZ6JUOepf0/kY3S85qistRohl9OdMe4PsO+RdG2kTIQ=="
      },
      "System.Threading.Tasks.Extensions": {
        "type": "Transitive",
        "resolved": "4.3.0",
        "contentHash": "npvJkVKl5rKXrtl1Kkm6OhOUaYGEiF9wFbppFRWSMoApKzt2PiPHT2Bb8a5sAWxprvdOAtvaARS9QYMznEUtug=="
      },
      "System.ValueTuple": {
        "type": "Transitive",
        "resolved": "4.4.0",
        "contentHash": "hBl0/yPqtMnwrsqCYSxYr4Abvo9hSVYmf+55EniEMyCEPJRM1VGr8o+kHeHJdEqgr6wrQMhZ7HowYmejruXStg=="
      },
      "fluentmigrator": {
        "type": "Project",
        "dependencies": {
          "FluentMigrator.Abstractions": "3.0.0",
          "Microsoft.Extensions.DependencyInjection": "2.2.0",
          "Microsoft.Extensions.Options": "2.2.0"
        }
      },
      "fluentmigrator.abstractions": {
        "type": "Project",
        "dependencies": {
          "System.ComponentModel.Annotations": "4.4.1",
          "System.ValueTuple": "4.4.0"
        }
      },
      "fluentmigrator.extensions.oracle": {
        "type": "Project",
        "dependencies": {
          "FluentMigrator.Abstractions": "3.0.0"
        }
      },
      "fluentmigrator.extensions.sqlanywhere": {
        "type": "Project",
        "dependencies": {
          "FluentMigrator.Abstractions": "3.0.0"
        }
      },
      "fluentmigrator.extensions.sqlserver": {
        "type": "Project",
        "dependencies": {
          "FluentMigrator.Abstractions": "3.0.0"
        }
      },
      "fluentmigrator.runner": {
        "type": "Project",
        "dependencies": {
          "FluentMigrator": "3.0.0",
          "FluentMigrator.Runner.Core": "3.0.0",
          "FluentMigrator.Runner.Db2": "3.0.0",
          "FluentMigrator.Runner.Firebird": "3.0.0",
          "FluentMigrator.Runner.Hana": "3.0.0",
          "FluentMigrator.Runner.Jet": "3.0.0",
          "FluentMigrator.Runner.MySql": "3.0.0",
          "FluentMigrator.Runner.Oracle": "3.0.0",
          "FluentMigrator.Runner.Postgres": "3.0.0",
          "FluentMigrator.Runner.Redshift": "3.0.0",
          "FluentMigrator.Runner.SQLite": "3.0.0",
          "FluentMigrator.Runner.SqlAnywhere": "3.0.0",
          "FluentMigrator.Runner.SqlServer": "3.0.0",
          "FluentMigrator.Runner.SqlServerCe": "3.0.0",
          "Microsoft.Extensions.Configuration.Abstractions": "2.2.0",
          "Microsoft.Extensions.Logging": "2.2.0"
        }
      },
      "fluentmigrator.runner.core": {
        "type": "Project",
        "dependencies": {
          "FluentMigrator.Abstractions": "3.0.0",
          "Microsoft.Extensions.Configuration.Abstractions": "2.0.1",
          "Microsoft.Extensions.DependencyInjection": "2.0.0",
          "Microsoft.Extensions.Logging.Abstractions": "2.0.1",
          "Microsoft.Extensions.Options": "2.0.1"
        }
      },
      "fluentmigrator.runner.db2": {
        "type": "Project",
        "dependencies": {
          "FluentMigrator.Runner.Core": "3.0.0"
        }
      },
      "fluentmigrator.runner.firebird": {
        "type": "Project",
        "dependencies": {
          "FluentMigrator.Runner.Core": "3.0.0",
          "Microsoft.Extensions.Options": "2.2.0"
        }
      },
      "fluentmigrator.runner.hana": {
        "type": "Project",
        "dependencies": {
          "FluentMigrator.Runner.Core": "3.0.0"
        }
      },
      "fluentmigrator.runner.jet": {
        "type": "Project",
        "dependencies": {
          "FluentMigrator.Runner.Core": "3.0.0"
        }
      },
      "fluentmigrator.runner.mysql": {
        "type": "Project",
        "dependencies": {
          "FluentMigrator.Runner.Core": "3.0.0"
        }
      },
      "fluentmigrator.runner.oracle": {
        "type": "Project",
        "dependencies": {
          "FluentMigrator.Extensions.Oracle": "3.0.0",
          "FluentMigrator.Runner.Core": "3.0.0"
        }
      },
      "fluentmigrator.runner.postgres": {
        "type": "Project",
        "dependencies": {
          "FluentMigrator.Runner.Core": "3.0.0"
        }
      },
      "fluentmigrator.runner.redshift": {
        "type": "Project",
        "dependencies": {
          "FluentMigrator.Runner.Core": "3.0.0"
        }
      },
      "fluentmigrator.runner.sqlanywhere": {
        "type": "Project",
        "dependencies": {
          "FluentMigrator.Extensions.SqlAnywhere": "3.0.0",
          "FluentMigrator.Runner.Core": "3.0.0"
        }
      },
      "fluentmigrator.runner.sqlite": {
        "type": "Project",
        "dependencies": {
          "FluentMigrator.Runner.Core": "3.0.0"
        }
      },
      "fluentmigrator.runner.sqlserver": {
        "type": "Project",
        "dependencies": {
          "FluentMigrator.Extensions.SqlServer": "3.0.0",
          "FluentMigrator.Runner.Core": "3.0.0"
        }
      },
      "fluentmigrator.runner.sqlserverce": {
        "type": "Project",
        "dependencies": {
          "FluentMigrator.Runner.SqlServer": "3.0.0"
        }
      }
    },
    ".NETFramework,Version=v4.6.1/any": {
      "SQLitePCLRaw.lib.e_sqlite3.linux": {
        "type": "Transitive",
        "resolved": "1.1.7",
        "contentHash": "LWxJ0JhP6+FeiKadmlve/5zfdgACoUCqjbYGD2TDGpBUrHC0v+RdjZhXi48sTnkVW5fn+TtA37WV02LSMFJH3w=="
      },
      "SQLitePCLRaw.lib.e_sqlite3.osx": {
        "type": "Transitive",
        "resolved": "1.1.7",
        "contentHash": "LnEgt++nwP2KnoFYIKdAXPjS9W8ZGU1DfL/PHyAqLBQQlfG5V0H/HHiVJOh5B6XQ4Jf0AdJQphtkVG4u2V3mYQ=="
      },
      "SQLitePCLRaw.lib.e_sqlite3.v110_xp": {
        "type": "Transitive",
        "resolved": "1.1.7",
        "contentHash": "M1WskZ/7pOTLCwdPgvrK4YGx+pJoT5cISUs8G8O68Wr+yLUBnz4BhnS+suhUiD1W/UAkFev/MnbeCiQj87VaTQ=="
      }
    },
    ".NETFramework,Version=v4.6.1/win7-x64": {
      "SQLitePCLRaw.lib.e_sqlite3.linux": {
        "type": "Transitive",
        "resolved": "1.1.7",
        "contentHash": "LWxJ0JhP6+FeiKadmlve/5zfdgACoUCqjbYGD2TDGpBUrHC0v+RdjZhXi48sTnkVW5fn+TtA37WV02LSMFJH3w=="
      },
      "SQLitePCLRaw.lib.e_sqlite3.osx": {
        "type": "Transitive",
        "resolved": "1.1.7",
        "contentHash": "LnEgt++nwP2KnoFYIKdAXPjS9W8ZGU1DfL/PHyAqLBQQlfG5V0H/HHiVJOh5B6XQ4Jf0AdJQphtkVG4u2V3mYQ=="
      },
      "SQLitePCLRaw.lib.e_sqlite3.v110_xp": {
        "type": "Transitive",
        "resolved": "1.1.7",
        "contentHash": "M1WskZ/7pOTLCwdPgvrK4YGx+pJoT5cISUs8G8O68Wr+yLUBnz4BhnS+suhUiD1W/UAkFev/MnbeCiQj87VaTQ=="
      }
    },
    ".NETFramework,Version=v4.6.1/win7-x86": {
      "SQLitePCLRaw.lib.e_sqlite3.linux": {
        "type": "Transitive",
        "resolved": "1.1.7",
        "contentHash": "LWxJ0JhP6+FeiKadmlve/5zfdgACoUCqjbYGD2TDGpBUrHC0v+RdjZhXi48sTnkVW5fn+TtA37WV02LSMFJH3w=="
      },
      "SQLitePCLRaw.lib.e_sqlite3.osx": {
        "type": "Transitive",
        "resolved": "1.1.7",
        "contentHash": "LnEgt++nwP2KnoFYIKdAXPjS9W8ZGU1DfL/PHyAqLBQQlfG5V0H/HHiVJOh5B6XQ4Jf0AdJQphtkVG4u2V3mYQ=="
      },
      "SQLitePCLRaw.lib.e_sqlite3.v110_xp": {
        "type": "Transitive",
        "resolved": "1.1.7",
        "contentHash": "M1WskZ/7pOTLCwdPgvrK4YGx+pJoT5cISUs8G8O68Wr+yLUBnz4BhnS+suhUiD1W/UAkFev/MnbeCiQj87VaTQ=="
      }
    }
  }
}